
Microsoft Visual Studio Solution File, Format Version 12.00
# Visual Studio Version 17
VisualStudioVersion = 17.0.31903.59
MinimumVisualStudioVersion = 10.0.40219.1
Project("{2150E333-8FDC-42A3-9474-1A3956D46DE8}") = "src", "src", "{C798FCA9-3090-45EE-82FE-4B207F8850B5}"
EndProject
Project("{FAE04EC0-301F-11D3-BF4B-00C04F79EFBC}") = "Transportadora.Services", "src\Transportadora.Services\Transportadora.Services.csproj", "{33679A6A-E27A-4094-B07D-B77096132569}"
EndProject
Project("{FAE04EC0-301F-11D3-BF4B-00C04F79EFBC}") = "Transportadora.Models", "src\Transportadora.Models\Transportadora.Models.csproj", "{1DF747B0-835D-4730-8AE2-E73BDDF5D02F}"
EndProject
Project("{FAE04EC0-301F-11D3-BF4B-00C04F79EFBC}") = "Transportadora.Data", "src\Transportadora.Data\Transportadora.Data.csproj", "{B52D413B-0BD3-49D8-B471-B99F10E7DB9E}"
EndProject
Project("{FAE04EC0-301F-11D3-BF4B-00C04F79EFBC}") = "Transportadora.DTOs", "src\Transportadora.DTOs\Transportadora.DTOs.csproj", "{BB00A413-2D60-429D-A26F-95A3440B30F2}"
EndProject
Project("{2150E333-8FDC-42A3-9474-1A3956D46DE8}") = "tests", "tests", "{04035FEB-BF82-4478-81A4-8274025E0C00}"
EndProject
Project("{FAE04EC0-301F-11D3-BF4B-00C04F79EFBC}") = "Transportadora.UnitTests", "tests\Transportadora.UnitTests\Transportadora.UnitTests.csproj", "{A2F74394-A8AB-4D61-B711-EE2BFA5075E0}"
EndProject
Project("{FAE04EC0-301F-11D3-BF4B-00C04F79EFBC}") = "Transportadora.API", "src\Transportadora.API\Transportadora.API.csproj", "{BBD68B43-DA15-4E68-AACC-3B14D310BC7D}"
EndProject
Project("{FAE04EC0-301F-11D3-BF4B-00C04F79EFBC}") = "Transportadora.Shared", "src\Transportadora.Shared\Transportadora.Shared.csproj", "{6C7811A2-3BC1-44F1-B4CC-34C4B4215848}"
EndProject
Global
	GlobalSection(SolutionConfigurationPlatforms) = preSolution
		Debug|Any CPU = Debug|Any CPU
		Release|Any CPU = Release|Any CPU
	EndGlobalSection
	GlobalSection(SolutionProperties) = preSolution
		HideSolutionNode = FALSE
	EndGlobalSection
	GlobalSection(ProjectConfigurationPlatforms) = postSolution
		{33679A6A-E27A-4094-B07D-B77096132569}.Debug|Any CPU.ActiveCfg = Debug|Any CPU
		{33679A6A-E27A-4094-B07D-B77096132569}.Debug|Any CPU.Build.0 = Debug|Any CPU
		{33679A6A-E27A-4094-B07D-B77096132569}.Release|Any CPU.ActiveCfg = Release|Any CPU
		{33679A6A-E27A-4094-B07D-B77096132569}.Release|Any CPU.Build.0 = Release|Any CPU
		{1DF747B0-835D-4730-8AE2-E73BDDF5D02F}.Debug|Any CPU.ActiveCfg = Debug|Any CPU
		{1DF747B0-835D-4730-8AE2-E73BDDF5D02F}.Debug|Any CPU.Build.0 = Debug|Any CPU
		{1DF747B0-835D-4730-8AE2-E73BDDF5D02F}.Release|Any CPU.ActiveCfg = Release|Any CPU
		{1DF747B0-835D-4730-8AE2-E73BDDF5D02F}.Release|Any CPU.Build.0 = Release|Any CPU
		{B52D413B-0BD3-49D8-B471-B99F10E7DB9E}.Debug|Any CPU.ActiveCfg = Debug|Any CPU
		{B52D413B-0BD3-49D8-B471-B99F10E7DB9E}.Debug|Any CPU.Build.0 = Debug|Any CPU
		{B52D413B-0BD3-49D8-B471-B99F10E7DB9E}.Release|Any CPU.ActiveCfg = Release|Any CPU
		{B52D413B-0BD3-49D8-B471-B99F10E7DB9E}.Release|Any CPU.Build.0 = Release|Any CPU
		{BB00A413-2D60-429D-A26F-95A3440B30F2}.Debug|Any CPU.ActiveCfg = Debug|Any CPU
		{BB00A413-2D60-429D-A26F-95A3440B30F2}.Debug|Any CPU.Build.0 = Debug|Any CPU
		{BB00A413-2D60-429D-A26F-95A3440B30F2}.Release|Any CPU.ActiveCfg = Release|Any CPU
		{BB00A413-2D60-429D-A26F-95A3440B30F2}.Release|Any CPU.Build.0 = Release|Any CPU
		{A2F74394-A8AB-4D61-B711-EE2BFA5075E0}.Debug|Any CPU.ActiveCfg = Debug|Any CPU
		{A2F74394-A8AB-4D61-B711-EE2BFA5075E0}.Debug|Any CPU.Build.0 = Debug|Any CPU
		{A2F74394-A8AB-4D61-B711-EE2BFA5075E0}.Release|Any CPU.ActiveCfg = Release|Any CPU
		{A2F74394-A8AB-4D61-B711-EE2BFA5075E0}.Release|Any CPU.Build.0 = Release|Any CPU
		{BBD68B43-DA15-4E68-AACC-3B14D310BC7D}.Debug|Any CPU.ActiveCfg = Debug|Any CPU
		{BBD68B43-DA15-4E68-AACC-3B14D310BC7D}.Debug|Any CPU.Build.0 = Debug|Any CPU
		{BBD68B43-DA15-4E68-AACC-3B14D310BC7D}.Release|Any CPU.ActiveCfg = Release|Any CPU
		{BBD68B43-DA15-4E68-AACC-3B14D310BC7D}.Release|Any CPU.Build.0 = Release|Any CPU
		{6C7811A2-3BC1-44F1-B4CC-34C4B4215848}.Debug|Any CPU.ActiveCfg = Debug|Any CPU
		{6C7811A2-3BC1-44F1-B4CC-34C4B4215848}.Debug|Any CPU.Build.0 = Debug|Any CPU
		{6C7811A2-3BC1-44F1-B4CC-34C4B4215848}.Release|Any CPU.ActiveCfg = Release|Any CPU
		{6C7811A2-3BC1-44F1-B4CC-34C4B4215848}.Release|Any CPU.Build.0 = Release|Any CPU
	EndGlobalSection
	GlobalSection(NestedProjects) = preSolution
		{33679A6A-E27A-4094-B07D-B77096132569} = {C798FCA9-3090-45EE-82FE-4B207F8850B5}
		{1DF747B0-835D-4730-8AE2-E73BDDF5D02F} = {C798FCA9-3090-45EE-82FE-4B207F8850B5}
		{B52D413B-0BD3-49D8-B471-B99F10E7DB9E} = {C798FCA9-3090-45EE-82FE-4B207F8850B5}
		{BB00A413-2D60-429D-A26F-95A3440B30F2} = {C798FCA9-3090-45EE-82FE-4B207F8850B5}
		{A2F74394-A8AB-4D61-B711-EE2BFA5075E0} = {04035FEB-BF82-4478-81A4-8274025E0C00}
		{BBD68B43-DA15-4E68-AACC-3B14D310BC7D} = {C798FCA9-3090-45EE-82FE-4B207F8850B5}
		{6C7811A2-3BC1-44F1-B4CC-34C4B4215848} = {C798FCA9-3090-45EE-82FE-4B207F8850B5}
	EndGlobalSection
EndGlobal
